
Microsoft Visual Studio Solution File, Format Version 12.00
# Visual Studio 2012
Project("{8BC9CEB8-8B4A-11D0-8D11-00A0C91BC942}") = "lua_bufflib", "lua_bufflib.vcxproj", "{921C4C39-C44F-498B-BCA2-4C15082B8A13}"
EndProject
Global
	GlobalSection(SolutionConfigurationPlatforms) = preSolution
		lua5.1|Win32 = lua5.1|Win32
		lua5.2|Win32 = lua5.2|Win32
		luaJIT|Win32 = luaJIT|Win32
	EndGlobalSection
	GlobalSection(ProjectConfigurationPlatforms) = postSolution
		{921C4C39-C44F-498B-BCA2-4C15082B8A13}.lua5.1|Win32.ActiveCfg = lua5.1|Win32
		{921C4C39-C44F-498B-BCA2-4C15082B8A13}.lua5.1|Win32.Build.0 = lua5.1|Win32
		{921C4C39-C44F-498B-BCA2-4C15082B8A13}.lua5.2|Win32.ActiveCfg = lua5.2|Win32
		{921C4C39-C44F-498B-BCA2-4C15082B8A13}.lua5.2|Win32.Build.0 = lua5.2|Win32
		{921C4C39-C44F-498B-BCA2-4C15082B8A13}.luaJIT|Win32.ActiveCfg = luaJIT|Win32
		{921C4C39-C44F-498B-BCA2-4C15082B8A13}.luaJIT|Win32.Build.0 = luaJIT|Win32
	EndGlobalSection
	GlobalSection(SolutionProperties) = preSolution
		HideSolutionNode = FALSE
	EndGlobalSection
EndGlobal
